
Microsoft Visual Studio Solution File, Format Version 12.00
# Visual Studio Version 17
VisualStudioVersion = 17.5.002.0
MinimumVisualStudioVersion = 10.0.40219.1
Project("{9A19103F-16F7-4668-BE54-9A1E7A4F7556}") = "Taller_Practico_POO", "Taller_Practico_POO.csproj", "{4503A0BD-F876-4CC4-801E-9A34CADEFCA5}"
EndProject
Global
	GlobalSection(SolutionConfigurationPlatforms) = preSolution
		Debug|Any CPU = Debug|Any CPU
		Release|Any CPU = Release|Any CPU
	EndGlobalSection
	GlobalSection(ProjectConfigurationPlatforms) = postSolution
		{4503A0BD-F876-4CC4-801E-9A34CADEFCA5}.Debug|Any CPU.ActiveCfg = Debug|Any CPU
		{4503A0BD-F876-4CC4-801E-9A34CADEFCA5}.Debug|Any CPU.Build.0 = Debug|Any CPU
		{4503A0BD-F876-4CC4-801E-9A34CADEFCA5}.Release|Any CPU.ActiveCfg = Release|Any CPU
		{4503A0BD-F876-4CC4-801E-9A34CADEFCA5}.Release|Any CPU.Build.0 = Release|Any CPU
	EndGlobalSection
	GlobalSection(SolutionProperties) = preSolution
		HideSolutionNode = FALSE
	EndGlobalSection
	GlobalSection(ExtensibilityGlobals) = postSolution
		SolutionGuid = {427B0FB5-923D-4579-BA3C-93E3A6F159E8}
	EndGlobalSection
EndGlobal
