
Microsoft Visual Studio Solution File, Format Version 12.00
# Visual Studio Version 17
VisualStudioVersion = 17.5.002.0
MinimumVisualStudioVersion = 10.0.40219.1
Project("{9A19103F-16F7-4668-BE54-9A1E7A4F7556}") = "POO_Ejercicios", "POO_Ejercicios.csproj", "{AFDD86DC-A470-430F-96E3-85F093D11940}"
EndProject
Global
	GlobalSection(SolutionConfigurationPlatforms) = preSolution
		Debug|Any CPU = Debug|Any CPU
		Release|Any CPU = Release|Any CPU
	EndGlobalSection
	GlobalSection(ProjectConfigurationPlatforms) = postSolution
		{AFDD86DC-A470-430F-96E3-85F093D11940}.Debug|Any CPU.ActiveCfg = Debug|Any CPU
		{AFDD86DC-A470-430F-96E3-85F093D11940}.Debug|Any CPU.Build.0 = Debug|Any CPU
		{AFDD86DC-A470-430F-96E3-85F093D11940}.Release|Any CPU.ActiveCfg = Release|Any CPU
		{AFDD86DC-A470-430F-96E3-85F093D11940}.Release|Any CPU.Build.0 = Release|Any CPU
	EndGlobalSection
	GlobalSection(SolutionProperties) = preSolution
		HideSolutionNode = FALSE
	EndGlobalSection
	GlobalSection(ExtensibilityGlobals) = postSolution
		SolutionGuid = {80F62A01-88DF-4E86-B7EF-9E4160AA583F}
	EndGlobalSection
EndGlobal
