
Microsoft Visual Studio Solution File, Format Version 12.00
# Visual Studio Version 17
VisualStudioVersion = 17.5.002.0
MinimumVisualStudioVersion = 10.0.40219.1
Project("{9A19103F-16F7-4668-BE54-9A1E7A4F7556}") = "05_clase_linq", "05_clase_linq.csproj", "{87C7E76B-D75B-4A61-9BFA-3BC4D2C8A0BF}"
EndProject
Global
	GlobalSection(SolutionConfigurationPlatforms) = preSolution
		Debug|Any CPU = Debug|Any CPU
		Release|Any CPU = Release|Any CPU
	EndGlobalSection
	GlobalSection(ProjectConfigurationPlatforms) = postSolution
		{87C7E76B-D75B-4A61-9BFA-3BC4D2C8A0BF}.Debug|Any CPU.ActiveCfg = Debug|Any CPU
		{87C7E76B-D75B-4A61-9BFA-3BC4D2C8A0BF}.Debug|Any CPU.Build.0 = Debug|Any CPU
		{87C7E76B-D75B-4A61-9BFA-3BC4D2C8A0BF}.Release|Any CPU.ActiveCfg = Release|Any CPU
		{87C7E76B-D75B-4A61-9BFA-3BC4D2C8A0BF}.Release|Any CPU.Build.0 = Release|Any CPU
	EndGlobalSection
	GlobalSection(SolutionProperties) = preSolution
		HideSolutionNode = FALSE
	EndGlobalSection
	GlobalSection(ExtensibilityGlobals) = postSolution
		SolutionGuid = {BA040E5B-0109-4840-88FD-0C9C7776F3A5}
	EndGlobalSection
EndGlobal
