
Microsoft Visual Studio Solution File, Format Version 12.00
# Visual Studio Version 17
VisualStudioVersion = 17.5.002.0
MinimumVisualStudioVersion = 10.0.40219.1
Project("{9A19103F-16F7-4668-BE54-9A1E7A4F7556}") = "02_Condicionales", "02_Condicionales.csproj", "{FD7B4FCE-878B-4A82-AD93-A829C533F646}"
EndProject
Global
	GlobalSection(SolutionConfigurationPlatforms) = preSolution
		Debug|Any CPU = Debug|Any CPU
		Release|Any CPU = Release|Any CPU
	EndGlobalSection
	GlobalSection(ProjectConfigurationPlatforms) = postSolution
		{FD7B4FCE-878B-4A82-AD93-A829C533F646}.Debug|Any CPU.ActiveCfg = Debug|Any CPU
		{FD7B4FCE-878B-4A82-AD93-A829C533F646}.Debug|Any CPU.Build.0 = Debug|Any CPU
		{FD7B4FCE-878B-4A82-AD93-A829C533F646}.Release|Any CPU.ActiveCfg = Release|Any CPU
		{FD7B4FCE-878B-4A82-AD93-A829C533F646}.Release|Any CPU.Build.0 = Release|Any CPU
	EndGlobalSection
	GlobalSection(SolutionProperties) = preSolution
		HideSolutionNode = FALSE
	EndGlobalSection
	GlobalSection(ExtensibilityGlobals) = postSolution
		SolutionGuid = {904C3E55-A827-467A-8A60-B78E422172B3}
	EndGlobalSection
EndGlobal
