
Microsoft Visual Studio Solution File, Format Version 12.00
# Visual Studio Version 17
VisualStudioVersion = 17.5.002.0
MinimumVisualStudioVersion = 10.0.40219.1
Project("{9A19103F-16F7-4668-BE54-9A1E7A4F7556}") = "04_colecciones", "04_colecciones.csproj", "{782456D5-4796-4C87-8817-61DD47DD8CD6}"
EndProject
Global
	GlobalSection(SolutionConfigurationPlatforms) = preSolution
		Debug|Any CPU = Debug|Any CPU
		Release|Any CPU = Release|Any CPU
	EndGlobalSection
	GlobalSection(ProjectConfigurationPlatforms) = postSolution
		{782456D5-4796-4C87-8817-61DD47DD8CD6}.Debug|Any CPU.ActiveCfg = Debug|Any CPU
		{782456D5-4796-4C87-8817-61DD47DD8CD6}.Debug|Any CPU.Build.0 = Debug|Any CPU
		{782456D5-4796-4C87-8817-61DD47DD8CD6}.Release|Any CPU.ActiveCfg = Release|Any CPU
		{782456D5-4796-4C87-8817-61DD47DD8CD6}.Release|Any CPU.Build.0 = Release|Any CPU
	EndGlobalSection
	GlobalSection(SolutionProperties) = preSolution
		HideSolutionNode = FALSE
	EndGlobalSection
	GlobalSection(ExtensibilityGlobals) = postSolution
		SolutionGuid = {F771263A-2309-4753-9330-EDA0710FDA8F}
	EndGlobalSection
EndGlobal
