
Microsoft Visual Studio Solution File, Format Version 12.00
# Visual Studio Version 17
VisualStudioVersion = 17.5.002.0
MinimumVisualStudioVersion = 10.0.40219.1
Project("{9A19103F-16F7-4668-BE54-9A1E7A4F7556}") = "01_Primeros_pasos", "01_Primeros_pasos.csproj", "{50D68DAD-23E4-4CE8-8E66-B0E084DEFC3D}"
EndProject
Global
	GlobalSection(SolutionConfigurationPlatforms) = preSolution
		Debug|Any CPU = Debug|Any CPU
		Release|Any CPU = Release|Any CPU
	EndGlobalSection
	GlobalSection(ProjectConfigurationPlatforms) = postSolution
		{50D68DAD-23E4-4CE8-8E66-B0E084DEFC3D}.Debug|Any CPU.ActiveCfg = Debug|Any CPU
		{50D68DAD-23E4-4CE8-8E66-B0E084DEFC3D}.Debug|Any CPU.Build.0 = Debug|Any CPU
		{50D68DAD-23E4-4CE8-8E66-B0E084DEFC3D}.Release|Any CPU.ActiveCfg = Release|Any CPU
		{50D68DAD-23E4-4CE8-8E66-B0E084DEFC3D}.Release|Any CPU.Build.0 = Release|Any CPU
	EndGlobalSection
	GlobalSection(SolutionProperties) = preSolution
		HideSolutionNode = FALSE
	EndGlobalSection
	GlobalSection(ExtensibilityGlobals) = postSolution
		SolutionGuid = {E46FAB24-89F3-4726-B459-11C8950DE11B}
	EndGlobalSection
EndGlobal
