
Microsoft Visual Studio Solution File, Format Version 12.00
# Visual Studio Version 17
VisualStudioVersion = 17.5.002.0
MinimumVisualStudioVersion = 10.0.40219.1
Project("{9A19103F-16F7-4668-BE54-9A1E7A4F7556}") = "POO_Interface_Crud", "POO_Interface_Crud.csproj", "{9FBD61DA-086A-4CAC-B18F-E870389D3EA3}"
EndProject
Global
	GlobalSection(SolutionConfigurationPlatforms) = preSolution
		Debug|Any CPU = Debug|Any CPU
		Release|Any CPU = Release|Any CPU
	EndGlobalSection
	GlobalSection(ProjectConfigurationPlatforms) = postSolution
		{9FBD61DA-086A-4CAC-B18F-E870389D3EA3}.Debug|Any CPU.ActiveCfg = Debug|Any CPU
		{9FBD61DA-086A-4CAC-B18F-E870389D3EA3}.Debug|Any CPU.Build.0 = Debug|Any CPU
		{9FBD61DA-086A-4CAC-B18F-E870389D3EA3}.Release|Any CPU.ActiveCfg = Release|Any CPU
		{9FBD61DA-086A-4CAC-B18F-E870389D3EA3}.Release|Any CPU.Build.0 = Release|Any CPU
	EndGlobalSection
	GlobalSection(SolutionProperties) = preSolution
		HideSolutionNode = FALSE
	EndGlobalSection
	GlobalSection(ExtensibilityGlobals) = postSolution
		SolutionGuid = {D7FA90C7-6728-467C-9C23-85FB88E340D0}
	EndGlobalSection
EndGlobal
