
Microsoft Visual Studio Solution File, Format Version 12.00
# Visual Studio Version 17
VisualStudioVersion = 17.5.002.0
MinimumVisualStudioVersion = 10.0.40219.1
Project("{9A19103F-16F7-4668-BE54-9A1E7A4F7556}") = "Tienda", "Tienda.csproj", "{BC3315B4-BE9B-4499-B916-31CCF1AAD12A}"
EndProject
Global
	GlobalSection(SolutionConfigurationPlatforms) = preSolution
		Debug|Any CPU = Debug|Any CPU
		Release|Any CPU = Release|Any CPU
	EndGlobalSection
	GlobalSection(ProjectConfigurationPlatforms) = postSolution
		{BC3315B4-BE9B-4499-B916-31CCF1AAD12A}.Debug|Any CPU.ActiveCfg = Debug|Any CPU
		{BC3315B4-BE9B-4499-B916-31CCF1AAD12A}.Debug|Any CPU.Build.0 = Debug|Any CPU
		{BC3315B4-BE9B-4499-B916-31CCF1AAD12A}.Release|Any CPU.ActiveCfg = Release|Any CPU
		{BC3315B4-BE9B-4499-B916-31CCF1AAD12A}.Release|Any CPU.Build.0 = Release|Any CPU
	EndGlobalSection
	GlobalSection(SolutionProperties) = preSolution
		HideSolutionNode = FALSE
	EndGlobalSection
	GlobalSection(ExtensibilityGlobals) = postSolution
		SolutionGuid = {F7953C64-0A09-4469-BE84-60971DE0E94B}
	EndGlobalSection
EndGlobal
