
Microsoft Visual Studio Solution File, Format Version 12.00
# Visual Studio Version 17
VisualStudioVersion = 17.5.002.0
MinimumVisualStudioVersion = 10.0.40219.1
Project("{9A19103F-16F7-4668-BE54-9A1E7A4F7556}") = "03_ejercicios", "03_ejercicios.csproj", "{315B90EA-132E-40CC-A8D7-FFE5619AD51D}"
EndProject
Global
	GlobalSection(SolutionConfigurationPlatforms) = preSolution
		Debug|Any CPU = Debug|Any CPU
		Release|Any CPU = Release|Any CPU
	EndGlobalSection
	GlobalSection(ProjectConfigurationPlatforms) = postSolution
		{315B90EA-132E-40CC-A8D7-FFE5619AD51D}.Debug|Any CPU.ActiveCfg = Debug|Any CPU
		{315B90EA-132E-40CC-A8D7-FFE5619AD51D}.Debug|Any CPU.Build.0 = Debug|Any CPU
		{315B90EA-132E-40CC-A8D7-FFE5619AD51D}.Release|Any CPU.ActiveCfg = Release|Any CPU
		{315B90EA-132E-40CC-A8D7-FFE5619AD51D}.Release|Any CPU.Build.0 = Release|Any CPU
	EndGlobalSection
	GlobalSection(SolutionProperties) = preSolution
		HideSolutionNode = FALSE
	EndGlobalSection
	GlobalSection(ExtensibilityGlobals) = postSolution
		SolutionGuid = {0420CF7A-3D15-4C45-B6BC-710D149B10E3}
	EndGlobalSection
EndGlobal
